PODS:
  - Kingfisher/Core (5.15.8)
  - Kingfisher/SwiftUI (5.15.8):
    - Kingfisher/Core
  - SwiftLint (0.41.0)

DEPENDENCIES:
  - Kingfisher/SwiftUI
  - SwiftLint

SPEC REPOS:
  trunk:
    - Kingfisher
    - SwiftLint

SPEC CHECKSUMS:
  Kingfisher: a3c03d702433fa6cfedabb2bddbe076fb8f2e902
  SwiftLint: c585ebd615d9520d7fbdbe151f527977b0534f1e

PODFILE CHECKSUM: af4b82197d3c9182f1b18c0d8ea1f214a957a38e

COCOAPODS: 1.9.3
