// !$*UTF8*$!
{
	archiveVersion = 1;
	classes = {
	};
	objectVersion = 50;
	objects = {

/* Begin PBXBuildFile section */
		441DA8A4256F83BB00F64AB0 /* FavoritePlayList.json in Resources */ = {isa = PBXBuildFile; fileRef = 441DA8A3256F83BB00F64AB0 /* FavoritePlayList.json */; };
		441DA8A7256F840F00F64AB0 /* MyTastePlayList.json in Resources */ = {isa = PBXBuildFile; fileRef = 441DA8A6256F840F00F64AB0 /* MyTastePlayList.json */; };
		441DA8AA256F843800F64AB0 /* RecommandedPlayList.json in Resources */ = {isa = PBXBuildFile; fileRef = 441DA8A9256F843800F64AB0 /* RecommandedPlayList.json */; };
		441DA8AD256F846000F64AB0 /* RecommandedAlbum.json in Resources */ = {isa = PBXBuildFile; fileRef = 441DA8AC256F846000F64AB0 /* RecommandedAlbum.json */; };
		441DA8B0256F848C00F64AB0 /* Stations.json in Resources */ = {isa = PBXBuildFile; fileRef = 441DA8AF256F848C00F64AB0 /* Stations.json */; };
		441DA8B3256F84AE00F64AB0 /* Magazines.json in Resources */ = {isa = PBXBuildFile; fileRef = 441DA8B2256F84AE00F64AB0 /* Magazines.json */; };
		444272B3256CDEC8008BB87B /* TodayTitle.swift in Sources */ = {isa = PBXBuildFile; fileRef = 444272B2256CDEC8008BB87B /* TodayTitle.swift */; };
		444272B8256CE2B3008BB87B /* PreviewItem.swift in Sources */ = {isa = PBXBuildFile; fileRef = 444272B7256CE2B3008BB87B /* PreviewItem.swift */; };
		444272BB256CE701008BB87B /* PreviewSection.swift in Sources */ = {isa = PBXBuildFile; fileRef = 444272BA256CE701008BB87B /* PreviewSection.swift */; };
		445919A4256E4A6F0069DAB2 /* ThumbnailGrid.swift in Sources */ = {isa = PBXBuildFile; fileRef = 445919A3256E4A6F0069DAB2 /* ThumbnailGrid.swift */; };
		445919AD256E559D0069DAB2 /* StationList.swift in Sources */ = {isa = PBXBuildFile; fileRef = 445919AC256E559D0069DAB2 /* StationList.swift */; };
		445919B1256E5CEA0069DAB2 /* StationStack.swift in Sources */ = {isa = PBXBuildFile; fileRef = 445919B0256E5CEA0069DAB2 /* StationStack.swift */; };
		4478AA3A256CDD8F00FDED38 /* .swiftlint.yml in Resources */ = {isa = PBXBuildFile; fileRef = 4478AA39256CDD8F00FDED38 /* .swiftlint.yml */; };
		4478F717256E817100755656 /* CGFloat+Constant.swift in Sources */ = {isa = PBXBuildFile; fileRef = 4478F716256E817100755656 /* CGFloat+Constant.swift */; };
		4478F71C256E858700755656 /* MixtapeGrid.swift in Sources */ = {isa = PBXBuildFile; fileRef = 4478F71B256E858700755656 /* MixtapeGrid.swift */; };
		4478F720256E89EB00755656 /* ChartList.swift in Sources */ = {isa = PBXBuildFile; fileRef = 4478F71F256E89EB00755656 /* ChartList.swift */; };
		4478F723256E8B2B00755656 /* PlayAndShuffle.swift in Sources */ = {isa = PBXBuildFile; fileRef = 4478F722256E8B2B00755656 /* PlayAndShuffle.swift */; };
		447BF73B256F3E6C003B5DB7 /* MainTab.swift in Sources */ = {isa = PBXBuildFile; fileRef = 447BF73A256F3E6C003B5DB7 /* MainTab.swift */; };
		448FD1CE256F83050027BC57 /* MyMixtape.json in Resources */ = {isa = PBXBuildFile; fileRef = 448FD1CD256F83050027BC57 /* MyMixtape.json */; };
		44F97972256CF2AE00C9C224 /* ThumbnailItem.swift in Sources */ = {isa = PBXBuildFile; fileRef = 44F97971256CF2AE00C9C224 /* ThumbnailItem.swift */; };
		44F97976256CFBA900C9C224 /* ThumbnailSection.swift in Sources */ = {isa = PBXBuildFile; fileRef = 44F97975256CFBA900C9C224 /* ThumbnailSection.swift */; };
		44F9797C256D04EA00C9C224 /* RecommandedPlayListItem.swift in Sources */ = {isa = PBXBuildFile; fileRef = 44F9797B256D04EA00C9C224 /* RecommandedPlayListItem.swift */; };
		44F9797F256D069600C9C224 /* RecommandedPlayListSection.swift in Sources */ = {isa = PBXBuildFile; fileRef = 44F9797E256D069600C9C224 /* RecommandedPlayListSection.swift */; };
		805E28AE256BBD52007AF5F1 /* MiniVibeApp.swift in Sources */ = {isa = PBXBuildFile; fileRef = 805E28AD256BBD52007AF5F1 /* MiniVibeApp.swift */; };
		805E28B2256BBD53007AF5F1 /* Assets.xcassets in Resources */ = {isa = PBXBuildFile; fileRef = 805E28B1256BBD53007AF5F1 /* Assets.xcassets */; };
		805E28B5256BBD53007AF5F1 /* Preview Assets.xcassets in Resources */ = {isa = PBXBuildFile; fileRef = 805E28B4256BBD53007AF5F1 /* Preview Assets.xcassets */; };
		805E28D3256BDC4A007AF5F1 /* TrackRow.swift in Sources */ = {isa = PBXBuildFile; fileRef = 805E28D2256BDC4A007AF5F1 /* TrackRow.swift */; };
		805E28D7256BDE90007AF5F1 /* SectionTitle.swift in Sources */ = {isa = PBXBuildFile; fileRef = 805E28D6256BDE90007AF5F1 /* SectionTitle.swift */; };
		805E28DA256BDFE6007AF5F1 /* ChartSection.swift in Sources */ = {isa = PBXBuildFile; fileRef = 805E28D9256BDFE6007AF5F1 /* ChartSection.swift */; };
		8084AB6D256E403900F2AAC2 /* ThumbnailRow.swift in Sources */ = {isa = PBXBuildFile; fileRef = 8084AB6C256E403900F2AAC2 /* ThumbnailRow.swift */; };
		8084AB70256E409B00F2AAC2 /* ThumbnailList.swift in Sources */ = {isa = PBXBuildFile; fileRef = 8084AB6F256E409B00F2AAC2 /* ThumbnailList.swift */; };
		8087AC7B256F3E4D001F6369 /* PlayerPreview.swift in Sources */ = {isa = PBXBuildFile; fileRef = 8087AC7A256F3E4D001F6369 /* PlayerPreview.swift */; };
		80C6207A256CF21600B5C375 /* StationItem.swift in Sources */ = {isa = PBXBuildFile; fileRef = 80C62079256CF21600B5C375 /* StationItem.swift */; };
		80C6207D256CFBA100B5C375 /* StationSection.swift in Sources */ = {isa = PBXBuildFile; fileRef = 80C6207C256CFBA100B5C375 /* StationSection.swift */; };
		80EB9FE5256D04A000CD99FD /* MagazineItem.swift in Sources */ = {isa = PBXBuildFile; fileRef = 80EB9FE4256D04A000CD99FD /* MagazineItem.swift */; };
		80EB9FE8256D0AD700CD99FD /* MagazineSection.swift in Sources */ = {isa = PBXBuildFile; fileRef = 80EB9FE7256D0AD700CD99FD /* MagazineSection.swift */; };
		80EB9FF5256DE8A300CD99FD /* Today.swift in Sources */ = {isa = PBXBuildFile; fileRef = 80EB9FF4256DE8A300CD99FD /* Today.swift */; };
		CC104F1456125D58CB9B7320 /* Pods_MiniVibe.framework in Frameworks */ = {isa = PBXBuildFile; fileRef = DF5A04776CA4FAE781C72DD3 /* Pods_MiniVibe.framework */; };
/* End PBXBuildFile section */

/* Begin PBXFileReference section */
		441DA8A3256F83BB00F64AB0 /* FavoritePlayList.json */ = {isa = PBXFileReference; lastKnownFileType = text.json; path = FavoritePlayList.json; sourceTree = "<group>"; };
		441DA8A6256F840F00F64AB0 /* MyTastePlayList.json */ = {isa = PBXFileReference; lastKnownFileType = text.json; path = MyTastePlayList.json; sourceTree = "<group>"; };
		441DA8A9256F843800F64AB0 /* RecommandedPlayList.json */ = {isa = PBXFileReference; lastKnownFileType = text.json; path = RecommandedPlayList.json; sourceTree = "<group>"; };
		441DA8AC256F846000F64AB0 /* RecommandedAlbum.json */ = {isa = PBXFileReference; lastKnownFileType = text.json; path = RecommandedAlbum.json; sourceTree = "<group>"; };
		441DA8AF256F848C00F64AB0 /* Stations.json */ = {isa = PBXFileReference; lastKnownFileType = text.json; path = Stations.json; sourceTree = "<group>"; };
		441DA8B2256F84AE00F64AB0 /* Magazines.json */ = {isa = PBXFileReference; lastKnownFileType = text.json; path = Magazines.json; sourceTree = "<group>"; };
		444272B2256CDEC8008BB87B /* TodayTitle.swift */ = {isa = PBXFileReference; lastKnownFileType = sourcecode.swift; path = TodayTitle.swift; sourceTree = "<group>"; };
		444272B7256CE2B3008BB87B /* PreviewItem.swift */ = {isa = PBXFileReference; lastKnownFileType = sourcecode.swift; path = PreviewItem.swift; sourceTree = "<group>"; };
		444272BA256CE701008BB87B /* PreviewSection.swift */ = {isa = PBXFileReference; lastKnownFileType = sourcecode.swift; path = PreviewSection.swift; sourceTree = "<group>"; };
		445919A3256E4A6F0069DAB2 /* ThumbnailGrid.swift */ = {isa = PBXFileReference; fileEncoding = 4; lastKnownFileType = sourcecode.swift; path = ThumbnailGrid.swift; sourceTree = "<group>"; };
		445919AC256E559D0069DAB2 /* StationList.swift */ = {isa = PBXFileReference; lastKnownFileType = sourcecode.swift; path = StationList.swift; sourceTree = "<group>"; };
		445919B0256E5CEA0069DAB2 /* StationStack.swift */ = {isa = PBXFileReference; lastKnownFileType = sourcecode.swift; path = StationStack.swift; sourceTree = "<group>"; };
		4478AA39256CDD8F00FDED38 /* .swiftlint.yml */ = {isa = PBXFileReference; lastKnownFileType = text.yaml; path = .swiftlint.yml; sourceTree = "<group>"; };
		4478F716256E817100755656 /* CGFloat+Constant.swift */ = {isa = PBXFileReference; lastKnownFileType = sourcecode.swift; path = "CGFloat+Constant.swift"; sourceTree = "<group>"; };
		4478F71B256E858700755656 /* MixtapeGrid.swift */ = {isa = PBXFileReference; lastKnownFileType = sourcecode.swift; path = MixtapeGrid.swift; sourceTree = "<group>"; };
		4478F71F256E89EB00755656 /* ChartList.swift */ = {isa = PBXFileReference; lastKnownFileType = sourcecode.swift; path = ChartList.swift; sourceTree = "<group>"; };
		4478F722256E8B2B00755656 /* PlayAndShuffle.swift */ = {isa = PBXFileReference; lastKnownFileType = sourcecode.swift; path = PlayAndShuffle.swift; sourceTree = "<group>"; };
		447BF73A256F3E6C003B5DB7 /* MainTab.swift */ = {isa = PBXFileReference; lastKnownFileType = sourcecode.swift; path = MainTab.swift; sourceTree = "<group>"; };
		448FD1CD256F83050027BC57 /* MyMixtape.json */ = {isa = PBXFileReference; lastKnownFileType = text.json; path = MyMixtape.json; sourceTree = "<group>"; };
		44F97971256CF2AE00C9C224 /* ThumbnailItem.swift */ = {isa = PBXFileReference; lastKnownFileType = sourcecode.swift; path = ThumbnailItem.swift; sourceTree = "<group>"; };
		44F97975256CFBA900C9C224 /* ThumbnailSection.swift */ = {isa = PBXFileReference; lastKnownFileType = sourcecode.swift; path = ThumbnailSection.swift; sourceTree = "<group>"; };
		44F9797B256D04EA00C9C224 /* RecommandedPlayListItem.swift */ = {isa = PBXFileReference; lastKnownFileType = sourcecode.swift; path = RecommandedPlayListItem.swift; sourceTree = "<group>"; };
		44F9797E256D069600C9C224 /* RecommandedPlayListSection.swift */ = {isa = PBXFileReference; lastKnownFileType = sourcecode.swift; path = RecommandedPlayListSection.swift; sourceTree = "<group>"; };
		4B64F8DD7C3A90466A7DD817 /* Pods-MiniVibe.debug.xcconfig */ = {isa = PBXFileReference; includeInIndex = 1; lastKnownFileType = text.xcconfig; name = "Pods-MiniVibe.debug.xcconfig"; path = "Target Support Files/Pods-MiniVibe/Pods-MiniVibe.debug.xcconfig"; sourceTree = "<group>"; };
		805E28AA256BBD52007AF5F1 /* MiniVibe.app */ = {isa = PBXFileReference; explicitFileType = wrapper.application; includeInIndex = 0; path = MiniVibe.app; sourceTree = BUILT_PRODUCTS_DIR; };
		805E28AD256BBD52007AF5F1 /* MiniVibeApp.swift */ = {isa = PBXFileReference; lastKnownFileType = sourcecode.swift; path = MiniVibeApp.swift; sourceTree = "<group>"; };
		805E28B1256BBD53007AF5F1 /* Assets.xcassets */ = {isa = PBXFileReference; lastKnownFileType = folder.assetcatalog; path = Assets.xcassets; sourceTree = "<group>"; };
		805E28B4256BBD53007AF5F1 /* Preview Assets.xcassets */ = {isa = PBXFileReference; lastKnownFileType = folder.assetcatalog; path = "Preview Assets.xcassets"; sourceTree = "<group>"; };
		805E28B6256BBD53007AF5F1 /* Info.plist */ = {isa = PBXFileReference; lastKnownFileType = text.plist.xml; path = Info.plist; sourceTree = "<group>"; };
		805E28D2256BDC4A007AF5F1 /* TrackRow.swift */ = {isa = PBXFileReference; lastKnownFileType = sourcecode.swift; path = TrackRow.swift; sourceTree = "<group>"; };
		805E28D6256BDE90007AF5F1 /* SectionTitle.swift */ = {isa = PBXFileReference; lastKnownFileType = sourcecode.swift; path = SectionTitle.swift; sourceTree = "<group>"; };
		805E28D9256BDFE6007AF5F1 /* ChartSection.swift */ = {isa = PBXFileReference; lastKnownFileType = sourcecode.swift; path = ChartSection.swift; sourceTree = "<group>"; };
		8084AB6C256E403900F2AAC2 /* ThumbnailRow.swift */ = {isa = PBXFileReference; lastKnownFileType = sourcecode.swift; path = ThumbnailRow.swift; sourceTree = "<group>"; };
		8084AB6F256E409B00F2AAC2 /* ThumbnailList.swift */ = {isa = PBXFileReference; lastKnownFileType = sourcecode.swift; path = ThumbnailList.swift; sourceTree = "<group>"; };
		8087AC7A256F3E4D001F6369 /* PlayerPreview.swift */ = {isa = PBXFileReference; lastKnownFileType = sourcecode.swift; path = PlayerPreview.swift; sourceTree = "<group>"; };
		80C62079256CF21600B5C375 /* StationItem.swift */ = {isa = PBXFileReference; lastKnownFileType = sourcecode.swift; path = StationItem.swift; sourceTree = "<group>"; };
		80C6207C256CFBA100B5C375 /* StationSection.swift */ = {isa = PBXFileReference; lastKnownFileType = sourcecode.swift; path = StationSection.swift; sourceTree = "<group>"; };
		80EB9FE4256D04A000CD99FD /* MagazineItem.swift */ = {isa = PBXFileReference; lastKnownFileType = sourcecode.swift; path = MagazineItem.swift; sourceTree = "<group>"; };
		80EB9FE7256D0AD700CD99FD /* MagazineSection.swift */ = {isa = PBXFileReference; lastKnownFileType = sourcecode.swift; path = MagazineSection.swift; sourceTree = "<group>"; };
		80EB9FF4256DE8A300CD99FD /* Today.swift */ = {isa = PBXFileReference; lastKnownFileType = sourcecode.swift; path = Today.swift; sourceTree = "<group>"; };
		909FD052C9CC565608492595 /* Pods-MiniVibe.release.xcconfig */ = {isa = PBXFileReference; includeInIndex = 1; lastKnownFileType = text.xcconfig; name = "Pods-MiniVibe.release.xcconfig"; path = "Target Support Files/Pods-MiniVibe/Pods-MiniVibe.release.xcconfig"; sourceTree = "<group>"; };
		DF5A04776CA4FAE781C72DD3 /* Pods_MiniVibe.framework */ = {isa = PBXFileReference; explicitFileType = wrapper.framework; includeInIndex = 0; path = Pods_MiniVibe.framework; sourceTree = BUILT_PRODUCTS_DIR; };
/* End PBXFileReference section */

/* Begin PBXFrameworksBuildPhase section */
		805E28A7256BBD52007AF5F1 /* Frameworks */ = {
			isa = PBXFrameworksBuildPhase;
			buildActionMask = 2147483647;
			files = (
				CC104F1456125D58CB9B7320 /* Pods_MiniVibe.framework in Frameworks */,
			);
			runOnlyForDeploymentPostprocessing = 0;
		};
/* End PBXFrameworksBuildPhase section */

/* Begin PBXGroup section */
		1BFAEF7789F23CA1FE12D1BB /* Frameworks */ = {
			isa = PBXGroup;
			children = (
				DF5A04776CA4FAE781C72DD3 /* Pods_MiniVibe.framework */,
			);
			name = Frameworks;
			sourceTree = "<group>";
		};
		4421992D256E7AA800ECF4A0 /* Common */ = {
			isa = PBXGroup;
			children = (
				805E28D2256BDC4A007AF5F1 /* TrackRow.swift */,
				805E28D6256BDE90007AF5F1 /* SectionTitle.swift */,
				805E28D9256BDFE6007AF5F1 /* ChartSection.swift */,
				44F97971256CF2AE00C9C224 /* ThumbnailItem.swift */,
				44F97975256CFBA900C9C224 /* ThumbnailSection.swift */,
				445919A3256E4A6F0069DAB2 /* ThumbnailGrid.swift */,
				4478F71B256E858700755656 /* MixtapeGrid.swift */,
				8084AB6C256E403900F2AAC2 /* ThumbnailRow.swift */,
				8084AB6F256E409B00F2AAC2 /* ThumbnailList.swift */,
				4478F71F256E89EB00755656 /* ChartList.swift */,
				4478F722256E8B2B00755656 /* PlayAndShuffle.swift */,
				8087AC7A256F3E4D001F6369 /* PlayerPreview.swift */,
				447BF73A256F3E6C003B5DB7 /* MainTab.swift */,
			);
			path = Common;
			sourceTree = "<group>";
		};
		44219931256E7B2300ECF4A0 /* Today */ = {
			isa = PBXGroup;
			children = (
				444272B2256CDEC8008BB87B /* TodayTitle.swift */,
				444272B7256CE2B3008BB87B /* PreviewItem.swift */,
				444272BA256CE701008BB87B /* PreviewSection.swift */,
				80C62079256CF21600B5C375 /* StationItem.swift */,
				80C6207C256CFBA100B5C375 /* StationSection.swift */,
				445919B0256E5CEA0069DAB2 /* StationStack.swift */,
				80EB9FE4256D04A000CD99FD /* MagazineItem.swift */,
				80EB9FE7256D0AD700CD99FD /* MagazineSection.swift */,
				44F9797B256D04EA00C9C224 /* RecommandedPlayListItem.swift */,
				44F9797E256D069600C9C224 /* RecommandedPlayListSection.swift */,
				80EB9FF4256DE8A300CD99FD /* Today.swift */,
				445919AC256E559D0069DAB2 /* StationList.swift */,
			);
			path = Today;
			sourceTree = "<group>";
		};
		4478F715256E816B00755656 /* Extension */ = {
			isa = PBXGroup;
			children = (
				4478F716256E817100755656 /* CGFloat+Constant.swift */,
			);
			path = Extension;
			sourceTree = "<group>";
		};
		448FD1CC256F82CD0027BC57 /* Resource */ = {
			isa = PBXGroup;
			children = (
				448FD1CD256F83050027BC57 /* MyMixtape.json */,
				441DA8A3256F83BB00F64AB0 /* FavoritePlayList.json */,
				441DA8A6256F840F00F64AB0 /* MyTastePlayList.json */,
				441DA8A9256F843800F64AB0 /* RecommandedPlayList.json */,
				441DA8AC256F846000F64AB0 /* RecommandedAlbum.json */,
				441DA8AF256F848C00F64AB0 /* Stations.json */,
				441DA8B2256F84AE00F64AB0 /* Magazines.json */,
			);
			path = Resource;
			sourceTree = "<group>";
		};
		805E28A1256BBD52007AF5F1 = {
			isa = PBXGroup;
			children = (
				4478AA39256CDD8F00FDED38 /* .swiftlint.yml */,
				805E28AC256BBD52007AF5F1 /* MiniVibe */,
				805E28AB256BBD52007AF5F1 /* Products */,
				C7B714187A17166F0F7ADEA6 /* Pods */,
				1BFAEF7789F23CA1FE12D1BB /* Frameworks */,
			);
			sourceTree = "<group>";
		};
		805E28AB256BBD52007AF5F1 /* Products */ = {
			isa = PBXGroup;
			children = (
				805E28AA256BBD52007AF5F1 /* MiniVibe.app */,
			);
			name = Products;
			sourceTree = "<group>";
		};
		805E28AC256BBD52007AF5F1 /* MiniVibe */ = {
			isa = PBXGroup;
			children = (
				448FD1CC256F82CD0027BC57 /* Resource */,
				4478F715256E816B00755656 /* Extension */,
				805E28D1256BDC3F007AF5F1 /* Views */,
				805E28AD256BBD52007AF5F1 /* MiniVibeApp.swift */,
				805E28B1256BBD53007AF5F1 /* Assets.xcassets */,
				805E28B6256BBD53007AF5F1 /* Info.plist */,
				805E28B3256BBD53007AF5F1 /* Preview Content */,
			);
			path = MiniVibe;
			sourceTree = "<group>";
		};
		805E28B3256BBD53007AF5F1 /* Preview Content */ = {
			isa = PBXGroup;
			children = (
				805E28B4256BBD53007AF5F1 /* Preview Assets.xcassets */,
			);
			path = "Preview Content";
			sourceTree = "<group>";
		};
		805E28D1256BDC3F007AF5F1 /* Views */ = {
			isa = PBXGroup;
			children = (
				4421992D256E7AA800ECF4A0 /* Common */,
				44219931256E7B2300ECF4A0 /* Today */,
			);
			path = Views;
			sourceTree = "<group>";
		};
		C7B714187A17166F0F7ADEA6 /* Pods */ = {
			isa = PBXGroup;
			children = (
				4B64F8DD7C3A90466A7DD817 /* Pods-MiniVibe.debug.xcconfig */,
				909FD052C9CC565608492595 /* Pods-MiniVibe.release.xcconfig */,
			);
			path = Pods;
			sourceTree = "<group>";
		};
/* End PBXGroup section */

/* Begin PBXNativeTarget section */
		805E28A9256BBD52007AF5F1 /* MiniVibe */ = {
			isa = PBXNativeTarget;
			buildConfigurationList = 805E28B9256BBD53007AF5F1 /* Build configuration list for PBXNativeTarget "MiniVibe" */;
			buildPhases = (
				C79C0564A08C415B28BA23EE /* [CP] Check Pods Manifest.lock */,
				805E28A6256BBD52007AF5F1 /* Sources */,
				805E28A7256BBD52007AF5F1 /* Frameworks */,
				805E28A8256BBD52007AF5F1 /* Resources */,
				805E28C0256BBE5F007AF5F1 /* ShellScript */,
			);
			buildRules = (
			);
			dependencies = (
			);
			name = MiniVibe;
			productName = MiniVibe;
			productReference = 805E28AA256BBD52007AF5F1 /* MiniVibe.app */;
			productType = "com.apple.product-type.application";
		};
/* End PBXNativeTarget section */

/* Begin PBXProject section */
		805E28A2256BBD52007AF5F1 /* Project object */ = {
			isa = PBXProject;
			attributes = {
				LastSwiftUpdateCheck = 1220;
				LastUpgradeCheck = 1220;
				TargetAttributes = {
					805E28A9256BBD52007AF5F1 = {
						CreatedOnToolsVersion = 12.2;
					};
				};
			};
			buildConfigurationList = 805E28A5256BBD52007AF5F1 /* Build configuration list for PBXProject "MiniVibe" */;
			compatibilityVersion = "Xcode 9.3";
			developmentRegion = en;
			hasScannedForEncodings = 0;
			knownRegions = (
				en,
				Base,
			);
			mainGroup = 805E28A1256BBD52007AF5F1;
			productRefGroup = 805E28AB256BBD52007AF5F1 /* Products */;
			projectDirPath = "";
			projectRoot = "";
			targets = (
				805E28A9256BBD52007AF5F1 /* MiniVibe */,
			);
		};
/* End PBXProject section */

/* Begin PBXResourcesBuildPhase section */
		805E28A8256BBD52007AF5F1 /* Resources */ = {
			isa = PBXResourcesBuildPhase;
			buildActionMask = 2147483647;
			files = (
				4478AA3A256CDD8F00FDED38 /* .swiftlint.yml in Resources */,
				441DA8B3256F84AE00F64AB0 /* Magazines.json in Resources */,
				441DA8A4256F83BB00F64AB0 /* FavoritePlayList.json in Resources */,
				805E28B5256BBD53007AF5F1 /* Preview Assets.xcassets in Resources */,
				441DA8AA256F843800F64AB0 /* RecommandedPlayList.json in Resources */,
				441DA8A7256F840F00F64AB0 /* MyTastePlayList.json in Resources */,
				441DA8AD256F846000F64AB0 /* RecommandedAlbum.json in Resources */,
				805E28B2256BBD53007AF5F1 /* Assets.xcassets in Resources */,
				441DA8B0256F848C00F64AB0 /* Stations.json in Resources */,
				448FD1CE256F83050027BC57 /* MyMixtape.json in Resources */,
			);
			runOnlyForDeploymentPostprocessing = 0;
		};
/* End PBXResourcesBuildPhase section */

/* Begin PBXShellScriptBuildPhase section */
		805E28C0256BBE5F007AF5F1 /* ShellScript */ = {
			isa = PBXShellScriptBuildPhase;
			buildActionMask = 2147483647;
			files = (
			);
			inputFileListPaths = (
			);
			inputPaths = (
			);
			outputFileListPaths = (
			);
			outputPaths = (
			);
			runOnlyForDeploymentPostprocessing = 0;
			shellPath = /bin/sh;
			shellScript = "${PODS_ROOT}/SwiftLint/swiftlint\n";
		};
		C79C0564A08C415B28BA23EE /* [CP] Check Pods Manifest.lock */ = {
			isa = PBXShellScriptBuildPhase;
			buildActionMask = 2147483647;
			files = (
			);
			inputFileListPaths = (
			);
			inputPaths = (
				"${PODS_PODFILE_DIR_PATH}/Podfile.lock",
				"${PODS_ROOT}/Manifest.lock",
			);
			name = "[CP] Check Pods Manifest.lock";
			outputFileListPaths = (
			);
			outputPaths = (
				"$(DERIVED_FILE_DIR)/Pods-MiniVibe-checkManifestLockResult.txt",
			);
			runOnlyForDeploymentPostprocessing = 0;
			shellPath = /bin/sh;
			shellScript = "diff \"${PODS_PODFILE_DIR_PATH}/Podfile.lock\" \"${PODS_ROOT}/Manifest.lock\" > /dev/null\nif [ $? != 0 ] ; then\n    # print error to STDERR\n    echo \"error: The sandbox is not in sync with the Podfile.lock. Run 'pod install' or update your CocoaPods installation.\" >&2\n    exit 1\nfi\n# This output is used by Xcode 'outputs' to avoid re-running this script phase.\necho \"SUCCESS\" > \"${SCRIPT_OUTPUT_FILE_0}\"\n";
			showEnvVarsInLog = 0;
		};
/* End PBXShellScriptBuildPhase section */

/* Begin PBXSourcesBuildPhase section */
		805E28A6256BBD52007AF5F1 /* Sources */ = {
			isa = PBXSourcesBuildPhase;
			buildActionMask = 2147483647;
			files = (
				805E28DA256BDFE6007AF5F1 /* ChartSection.swift in Sources */,
				44F97972256CF2AE00C9C224 /* ThumbnailItem.swift in Sources */,
				4478F71C256E858700755656 /* MixtapeGrid.swift in Sources */,
				805E28D7256BDE90007AF5F1 /* SectionTitle.swift in Sources */,
				445919AD256E559D0069DAB2 /* StationList.swift in Sources */,
				80EB9FE8256D0AD700CD99FD /* MagazineSection.swift in Sources */,
				445919A4256E4A6F0069DAB2 /* ThumbnailGrid.swift in Sources */,
				4478F717256E817100755656 /* CGFloat+Constant.swift in Sources */,
				444272B8256CE2B3008BB87B /* PreviewItem.swift in Sources */,
				444272B3256CDEC8008BB87B /* TodayTitle.swift in Sources */,
				805E28D3256BDC4A007AF5F1 /* TrackRow.swift in Sources */,
				80C6207A256CF21600B5C375 /* StationItem.swift in Sources */,
				8084AB6D256E403900F2AAC2 /* ThumbnailRow.swift in Sources */,
				80C6207D256CFBA100B5C375 /* StationSection.swift in Sources */,
				80EB9FF5256DE8A300CD99FD /* Today.swift in Sources */,
				445919B1256E5CEA0069DAB2 /* StationStack.swift in Sources */,
				4478F720256E89EB00755656 /* ChartList.swift in Sources */,
				44F9797F256D069600C9C224 /* RecommandedPlayListSection.swift in Sources */,
				4478F723256E8B2B00755656 /* PlayAndShuffle.swift in Sources */,
				44F97976256CFBA900C9C224 /* ThumbnailSection.swift in Sources */,
				8084AB70256E409B00F2AAC2 /* ThumbnailList.swift in Sources */,
				8087AC7B256F3E4D001F6369 /* PlayerPreview.swift in Sources */,
				805E28AE256BBD52007AF5F1 /* MiniVibeApp.swift in Sources */,
				447BF73B256F3E6C003B5DB7 /* MainTab.swift in Sources */,
				44F9797C256D04EA00C9C224 /* RecommandedPlayListItem.swift in Sources */,
				444272BB256CE701008BB87B /* PreviewSection.swift in Sources */,
				80EB9FE5256D04A000CD99FD /* MagazineItem.swift in Sources */,
			);
			runOnlyForDeploymentPostprocessing = 0;
		};
/* End PBXSourcesBuildPhase section */

/* Begin XCBuildConfiguration section */
		805E28B7256BBD53007AF5F1 /* Debug */ = {
			isa = XCBuildConfiguration;
			buildSettings = {
				ALWAYS_SEARCH_USER_PATHS = NO;
				CLANG_ANALYZER_NONNULL = YES;
				CLANG_ANALYZER_NUMBER_OBJECT_CONVERSION = YES_AGGRESSIVE;
				CLANG_CXX_LANGUAGE_STANDARD = "gnu++14";
				CLANG_CXX_LIBRARY = "libc++";
				CLANG_ENABLE_MODULES = YES;
				CLANG_ENABLE_OBJC_ARC = YES;
				CLANG_ENABLE_OBJC_WEAK = YES;
				CLANG_WARN_BLOCK_CAPTURE_AUTORELEASING = YES;
				CLANG_WARN_BOOL_CONVERSION = YES;
				CLANG_WARN_COMMA = YES;
				CLANG_WARN_CONSTANT_CONVERSION = YES;
				CLANG_WARN_DEPRECATED_OBJC_IMPLEMENTATIONS = YES;
				CLANG_WARN_DIRECT_OBJC_ISA_USAGE = YES_ERROR;
				CLANG_WARN_DOCUMENTATION_COMMENTS = YES;
				CLANG_WARN_EMPTY_BODY = YES;
				CLANG_WARN_ENUM_CONVERSION = YES;
				CLANG_WARN_INFINITE_RECURSION = YES;
				CLANG_WARN_INT_CONVERSION = YES;
				CLANG_WARN_NON_LITERAL_NULL_CONVERSION = YES;
				CLANG_WARN_OBJC_IMPLICIT_RETAIN_SELF = YES;
				CLANG_WARN_OBJC_LITERAL_CONVERSION = YES;
				CLANG_WARN_OBJC_ROOT_CLASS = YES_ERROR;
				CLANG_WARN_QUOTED_INCLUDE_IN_FRAMEWORK_HEADER = YES;
				CLANG_WARN_RANGE_LOOP_ANALYSIS = YES;
				CLANG_WARN_STRICT_PROTOTYPES = YES;
				CLANG_WARN_SUSPICIOUS_MOVE = YES;
				CLANG_WARN_UNGUARDED_AVAILABILITY = YES_AGGRESSIVE;
				CLANG_WARN_UNREACHABLE_CODE = YES;
				CLANG_WARN__DUPLICATE_METHOD_MATCH = YES;
				COPY_PHASE_STRIP = NO;
				DEBUG_INFORMATION_FORMAT = dwarf;
				ENABLE_STRICT_OBJC_MSGSEND = YES;
				ENABLE_TESTABILITY = YES;
				GCC_C_LANGUAGE_STANDARD = gnu11;
				GCC_DYNAMIC_NO_PIC = NO;
				GCC_NO_COMMON_BLOCKS = YES;
				GCC_OPTIMIZATION_LEVEL = 0;
				GCC_PREPROCESSOR_DEFINITIONS = (
					"DEBUG=1",
					"$(inherited)",
				);
				GCC_WARN_64_TO_32_BIT_CONVERSION = YES;
				GCC_WARN_ABOUT_RETURN_TYPE = YES_ERROR;
				GCC_WARN_UNDECLARED_SELECTOR = YES;
				GCC_WARN_UNINITIALIZED_AUTOS = YES_AGGRESSIVE;
				GCC_WARN_UNUSED_FUNCTION = YES;
				GCC_WARN_UNUSED_VARIABLE = YES;
				IPHONEOS_DEPLOYMENT_TARGET = 14.2;
				MTL_ENABLE_DEBUG_INFO = INCLUDE_SOURCE;
				MTL_FAST_MATH = YES;
				ONLY_ACTIVE_ARCH = YES;
				SDKROOT = iphoneos;
				SWIFT_ACTIVE_COMPILATION_CONDITIONS = DEBUG;
				SWIFT_OPTIMIZATION_LEVEL = "-Onone";
			};
			name = Debug;
		};
		805E28B8256BBD53007AF5F1 /* Release */ = {
			isa = XCBuildConfiguration;
			buildSettings = {
				ALWAYS_SEARCH_USER_PATHS = NO;
				CLANG_ANALYZER_NONNULL = YES;
				CLANG_ANALYZER_NUMBER_OBJECT_CONVERSION = YES_AGGRESSIVE;
				CLANG_CXX_LANGUAGE_STANDARD = "gnu++14";
				CLANG_CXX_LIBRARY = "libc++";
				CLANG_ENABLE_MODULES = YES;
				CLANG_ENABLE_OBJC_ARC = YES;
				CLANG_ENABLE_OBJC_WEAK = YES;
				CLANG_WARN_BLOCK_CAPTURE_AUTORELEASING = YES;
				CLANG_WARN_BOOL_CONVERSION = YES;
				CLANG_WARN_COMMA = YES;
				CLANG_WARN_CONSTANT_CONVERSION = YES;
				CLANG_WARN_DEPRECATED_OBJC_IMPLEMENTATIONS = YES;
				CLANG_WARN_DIRECT_OBJC_ISA_USAGE = YES_ERROR;
				CLANG_WARN_DOCUMENTATION_COMMENTS = YES;
				CLANG_WARN_EMPTY_BODY = YES;
				CLANG_WARN_ENUM_CONVERSION = YES;
				CLANG_WARN_INFINITE_RECURSION = YES;
				CLANG_WARN_INT_CONVERSION = YES;
				CLANG_WARN_NON_LITERAL_NULL_CONVERSION = YES;
				CLANG_WARN_OBJC_IMPLICIT_RETAIN_SELF = YES;
				CLANG_WARN_OBJC_LITERAL_CONVERSION = YES;
				CLANG_WARN_OBJC_ROOT_CLASS = YES_ERROR;
				CLANG_WARN_QUOTED_INCLUDE_IN_FRAMEWORK_HEADER = YES;
				CLANG_WARN_RANGE_LOOP_ANALYSIS = YES;
				CLANG_WARN_STRICT_PROTOTYPES = YES;
				CLANG_WARN_SUSPICIOUS_MOVE = YES;
				CLANG_WARN_UNGUARDED_AVAILABILITY = YES_AGGRESSIVE;
				CLANG_WARN_UNREACHABLE_CODE = YES;
				CLANG_WARN__DUPLICATE_METHOD_MATCH = YES;
				COPY_PHASE_STRIP = NO;
				DEBUG_INFORMATION_FORMAT = "dwarf-with-dsym";
				ENABLE_NS_ASSERTIONS = NO;
				ENABLE_STRICT_OBJC_MSGSEND = YES;
				GCC_C_LANGUAGE_STANDARD = gnu11;
				GCC_NO_COMMON_BLOCKS = YES;
				GCC_WARN_64_TO_32_BIT_CONVERSION = YES;
				GCC_WARN_ABOUT_RETURN_TYPE = YES_ERROR;
				GCC_WARN_UNDECLARED_SELECTOR = YES;
				GCC_WARN_UNINITIALIZED_AUTOS = YES_AGGRESSIVE;
				GCC_WARN_UNUSED_FUNCTION = YES;
				GCC_WARN_UNUSED_VARIABLE = YES;
				IPHONEOS_DEPLOYMENT_TARGET = 14.2;
				MTL_ENABLE_DEBUG_INFO = NO;
				MTL_FAST_MATH = YES;
				SDKROOT = iphoneos;
				SWIFT_COMPILATION_MODE = wholemodule;
				SWIFT_OPTIMIZATION_LEVEL = "-O";
				VALIDATE_PRODUCT = YES;
			};
			name = Release;
		};
		805E28BA256BBD53007AF5F1 /* Debug */ = {
			isa = XCBuildConfiguration;
			baseConfigurationReference = 4B64F8DD7C3A90466A7DD817 /* Pods-MiniVibe.debug.xcconfig */;
			buildSettings = {
				ASSETCATALOG_COMPILER_APPICON_NAME = AppIcon;
				ASSETCATALOG_COMPILER_GLOBAL_ACCENT_COLOR_NAME = AccentColor;
				CODE_SIGN_STYLE = Automatic;
				DEVELOPMENT_ASSET_PATHS = "\"MiniVibe/Preview Content\"";
				DEVELOPMENT_TEAM = B3PWYBKFUK;
				ENABLE_PREVIEWS = YES;
				INFOPLIST_FILE = MiniVibe/Info.plist;
				IPHONEOS_DEPLOYMENT_TARGET = 14.0;
				LD_RUNPATH_SEARCH_PATHS = (
					"$(inherited)",
					"@executable_path/Frameworks",
				);
				PRODUCT_BUNDLE_IDENTIFIER = com.sueaty.MiniVibe;
				PRODUCT_NAME = "$(TARGET_NAME)";
				SWIFT_VERSION = 5.0;
				TARGETED_DEVICE_FAMILY = "1,2";
			};
			name = Debug;
		};
		805E28BB256BBD53007AF5F1 /* Release */ = {
			isa = XCBuildConfiguration;
			baseConfigurationReference = 909FD052C9CC565608492595 /* Pods-MiniVibe.release.xcconfig */;
			buildSettings = {
				ASSETCATALOG_COMPILER_APPICON_NAME = AppIcon;
				ASSETCATALOG_COMPILER_GLOBAL_ACCENT_COLOR_NAME = AccentColor;
				CODE_SIGN_STYLE = Automatic;
				DEVELOPMENT_ASSET_PATHS = "\"MiniVibe/Preview Content\"";
				DEVELOPMENT_TEAM = B3PWYBKFUK;
				ENABLE_PREVIEWS = YES;
				INFOPLIST_FILE = MiniVibe/Info.plist;
				IPHONEOS_DEPLOYMENT_TARGET = 14.0;
				LD_RUNPATH_SEARCH_PATHS = (
					"$(inherited)",
					"@executable_path/Frameworks",
				);
				PRODUCT_BUNDLE_IDENTIFIER = com.sueaty.MiniVibe;
				PRODUCT_NAME = "$(TARGET_NAME)";
				SWIFT_VERSION = 5.0;
				TARGETED_DEVICE_FAMILY = "1,2";
			};
			name = Release;
		};
/* End XCBuildConfiguration section */

/* Begin XCConfigurationList section */
		805E28A5256BBD52007AF5F1 /* Build configuration list for PBXProject "MiniVibe" */ = {
			isa = XCConfigurationList;
			buildConfigurations = (
				805E28B7256BBD53007AF5F1 /* Debug */,
				805E28B8256BBD53007AF5F1 /* Release */,
			);
			defaultConfigurationIsVisible = 0;
			defaultConfigurationName = Release;
		};
		805E28B9256BBD53007AF5F1 /* Build configuration list for PBXNativeTarget "MiniVibe" */ = {
			isa = XCConfigurationList;
			buildConfigurations = (
				805E28BA256BBD53007AF5F1 /* Debug */,
				805E28BB256BBD53007AF5F1 /* Release */,
			);
			defaultConfigurationIsVisible = 0;
			defaultConfigurationName = Release;
		};
/* End XCConfigurationList section */
	};
	rootObject = 805E28A2256BBD52007AF5F1 /* Project object */;
}
